
Microsoft Visual Studio Solution File, Format Version 12.00
# Visual Studio Version 16
VisualStudioVersion = 16.0.30621.155
MinimumVisualStudioVersion = 10.0.40219.1
Project("{FAE04EC0-301F-11D3-BF4B-00C04F79EFBC}") = "EjemploMVC", "EjemploMVC\EjemploMVC.csproj", "{0302AD5E-E482-4E74-A516-15A96D4E309F}"
EndProject
Global
	GlobalSection(SolutionConfigurationPlatforms) = preSolution
		Debug|Any CPU = Debug|Any CPU
		Release|Any CPU = Release|Any CPU
	EndGlobalSection
	GlobalSection(ProjectConfigurationPlatforms) = postSolution
		{0302AD5E-E482-4E74-A516-15A96D4E309F}.Debug|Any CPU.ActiveCfg = Debug|Any CPU
		{0302AD5E-E482-4E74-A516-15A96D4E309F}.Debug|Any CPU.Build.0 = Debug|Any CPU
		{0302AD5E-E482-4E74-A516-15A96D4E309F}.Release|Any CPU.ActiveCfg = Release|Any CPU
		{0302AD5E-E482-4E74-A516-15A96D4E309F}.Release|Any CPU.Build.0 = Release|Any CPU
	EndGlobalSection
	GlobalSection(SolutionProperties) = preSolution
		HideSolutionNode = FALSE
	EndGlobalSection
	GlobalSection(ExtensibilityGlobals) = postSolution
		SolutionGuid = {CD65B91C-514E-44EB-AE03-53202D49CC27}
	EndGlobalSection
EndGlobal
